
Microsoft Visual Studio Solution File, Format Version 12.00
# Visual Studio Version 17
VisualStudioVersion = 17.3.32819.101
MinimumVisualStudioVersion = 10.0.40219.1
Project("{9A19103F-16F7-4668-BE54-9A1E7A4F7556}") = "Tibia", "Tibia\Tibia.csproj", "{3A75286D-D5DD-453F-809F-FE3FAFC98E83}"
EndProject
Project("{FAE04EC0-301F-11D3-BF4B-00C04F79EFBC}") = "TibiaUnitTest", "TibiaUnitTest\TibiaUnitTest.csproj", "{C4239FD2-871C-4A7D-BB77-BB952DA2A6AB}"
EndProject
Global
	GlobalSection(SolutionConfigurationPlatforms) = preSolution
		Debug|Any CPU = Debug|Any CPU
		Release|Any CPU = Release|Any CPU
	EndGlobalSection
	GlobalSection(ProjectConfigurationPlatforms) = postSolution
		{3A75286D-D5DD-453F-809F-FE3FAFC98E83}.Debug|Any CPU.ActiveCfg = Debug|Any CPU
		{3A75286D-D5DD-453F-809F-FE3FAFC98E83}.Debug|Any CPU.Build.0 = Debug|Any CPU
		{3A75286D-D5DD-453F-809F-FE3FAFC98E83}.Release|Any CPU.ActiveCfg = Release|Any CPU
		{3A75286D-D5DD-453F-809F-FE3FAFC98E83}.Release|Any CPU.Build.0 = Release|Any CPU
		{C4239FD2-871C-4A7D-BB77-BB952DA2A6AB}.Debug|Any CPU.ActiveCfg = Debug|Any CPU
		{C4239FD2-871C-4A7D-BB77-BB952DA2A6AB}.Debug|Any CPU.Build.0 = Debug|Any CPU
		{C4239FD2-871C-4A7D-BB77-BB952DA2A6AB}.Release|Any CPU.ActiveCfg = Release|Any CPU
		{C4239FD2-871C-4A7D-BB77-BB952DA2A6AB}.Release|Any CPU.Build.0 = Release|Any CPU
	EndGlobalSection
	GlobalSection(SolutionProperties) = preSolution
		HideSolutionNode = FALSE
	EndGlobalSection
	GlobalSection(ExtensibilityGlobals) = postSolution
		SolutionGuid = {E35BD1A7-63A2-4C9E-8BA2-96BD848D7CC3}
	EndGlobalSection
EndGlobal
